
Microsoft Visual Studio Solution File, Format Version 12.00
# Visual Studio Version 17
VisualStudioVersion = 17.5.33627.172
MinimumVisualStudioVersion = 10.0.40219.1
Project("{9A19103F-16F7-4668-BE54-9A1E7A4F7556}") = "CustomerAPI", "Customer\CustomerAPI.csproj", "{C3EBC57D-C8A5-4D5A-B20D-90ABB877E3D7}"
EndProject
Project("{9A19103F-16F7-4668-BE54-9A1E7A4F7556}") = "CatalogAPI", "Catalog\CatalogAPI.csproj", "{59BEF762-8DE8-497A-9811-E3968AA7C0B7}"
EndProject
Project("{9A19103F-16F7-4668-BE54-9A1E7A4F7556}") = "OrderAPI", "Order\OrderAPI.csproj", "{B4DB9921-9FC3-490B-B6C3-BE07605FFD13}"
EndProject
Project("{9A19103F-16F7-4668-BE54-9A1E7A4F7556}") = "ShippingAPI", "Shipping\ShippingAPI.csproj", "{A655E29C-8BD4-42D1-8F67-3C4042EDF3FE}"
EndProject
Project("{2150E333-8FDC-42A3-9474-1A3956D46DE8}") = "Services", "Services", "{2C08A4C9-9F3C-43F5-AC16-5160C57B08C8}"
EndProject
Project("{2150E333-8FDC-42A3-9474-1A3956D46DE8}") = "Domain", "Domain", "{D3364779-AB88-46DB-BF22-FF95A83A50BB}"
EndProject
Project("{FAE04EC0-301F-11D3-BF4B-00C04F79EFBC}") = "MicroRabbit.Domain.Core", "MicroRabbit.Domain.Core\MicroRabbit.Domain.Core.csproj", "{9CEF4FB4-1758-4B87-9DCA-622866E4AA48}"
EndProject
Project("{2150E333-8FDC-42A3-9474-1A3956D46DE8}") = "Infra.Bus", "Infra.Bus", "{CD7771AD-C81D-427C-BBB9-C1D0F8C08467}"
EndProject
Project("{2150E333-8FDC-42A3-9474-1A3956D46DE8}") = "Infra.IoC", "Infra.IoC", "{9931BFD6-CE36-4C37-B96F-37233CD3CCC5}"
EndProject
Project("{FAE04EC0-301F-11D3-BF4B-00C04F79EFBC}") = "MicroRabbit.Infra.Bus", "MicroRabbit.Infra.Bus\MicroRabbit.Infra.Bus.csproj", "{F6C76821-93BB-4904-8F90-3AF0385D4D74}"
EndProject
Project("{FAE04EC0-301F-11D3-BF4B-00C04F79EFBC}") = "MicroRabbit.Infra.IoC", "MicroRabbit.Infra.IoC\MicroRabbit.Infra.IoC.csproj", "{88ED0249-D2BD-49D3-B1C7-6E8AEE4449EA}"
EndProject
Global
	GlobalSection(SolutionConfigurationPlatforms) = preSolution
		Debug|Any CPU = Debug|Any CPU
		Release|Any CPU = Release|Any CPU
	EndGlobalSection
	GlobalSection(ProjectConfigurationPlatforms) = postSolution
		{C3EBC57D-C8A5-4D5A-B20D-90ABB877E3D7}.Debug|Any CPU.ActiveCfg = Debug|Any CPU
		{C3EBC57D-C8A5-4D5A-B20D-90ABB877E3D7}.Debug|Any CPU.Build.0 = Debug|Any CPU
		{C3EBC57D-C8A5-4D5A-B20D-90ABB877E3D7}.Release|Any CPU.ActiveCfg = Release|Any CPU
		{C3EBC57D-C8A5-4D5A-B20D-90ABB877E3D7}.Release|Any CPU.Build.0 = Release|Any CPU
		{59BEF762-8DE8-497A-9811-E3968AA7C0B7}.Debug|Any CPU.ActiveCfg = Debug|Any CPU
		{59BEF762-8DE8-497A-9811-E3968AA7C0B7}.Debug|Any CPU.Build.0 = Debug|Any CPU
		{59BEF762-8DE8-497A-9811-E3968AA7C0B7}.Release|Any CPU.ActiveCfg = Release|Any CPU
		{59BEF762-8DE8-497A-9811-E3968AA7C0B7}.Release|Any CPU.Build.0 = Release|Any CPU
		{B4DB9921-9FC3-490B-B6C3-BE07605FFD13}.Debug|Any CPU.ActiveCfg = Debug|Any CPU
		{B4DB9921-9FC3-490B-B6C3-BE07605FFD13}.Debug|Any CPU.Build.0 = Debug|Any CPU
		{B4DB9921-9FC3-490B-B6C3-BE07605FFD13}.Release|Any CPU.ActiveCfg = Release|Any CPU
		{B4DB9921-9FC3-490B-B6C3-BE07605FFD13}.Release|Any CPU.Build.0 = Release|Any CPU
		{A655E29C-8BD4-42D1-8F67-3C4042EDF3FE}.Debug|Any CPU.ActiveCfg = Debug|Any CPU
		{A655E29C-8BD4-42D1-8F67-3C4042EDF3FE}.Debug|Any CPU.Build.0 = Debug|Any CPU
		{A655E29C-8BD4-42D1-8F67-3C4042EDF3FE}.Release|Any CPU.ActiveCfg = Release|Any CPU
		{A655E29C-8BD4-42D1-8F67-3C4042EDF3FE}.Release|Any CPU.Build.0 = Release|Any CPU
		{9CEF4FB4-1758-4B87-9DCA-622866E4AA48}.Debug|Any CPU.ActiveCfg = Debug|Any CPU
		{9CEF4FB4-1758-4B87-9DCA-622866E4AA48}.Debug|Any CPU.Build.0 = Debug|Any CPU
		{9CEF4FB4-1758-4B87-9DCA-622866E4AA48}.Release|Any CPU.ActiveCfg = Release|Any CPU
		{9CEF4FB4-1758-4B87-9DCA-622866E4AA48}.Release|Any CPU.Build.0 = Release|Any CPU
		{F6C76821-93BB-4904-8F90-3AF0385D4D74}.Debug|Any CPU.ActiveCfg = Debug|Any CPU
		{F6C76821-93BB-4904-8F90-3AF0385D4D74}.Debug|Any CPU.Build.0 = Debug|Any CPU
		{F6C76821-93BB-4904-8F90-3AF0385D4D74}.Release|Any CPU.ActiveCfg = Release|Any CPU
		{F6C76821-93BB-4904-8F90-3AF0385D4D74}.Release|Any CPU.Build.0 = Release|Any CPU
		{88ED0249-D2BD-49D3-B1C7-6E8AEE4449EA}.Debug|Any CPU.ActiveCfg = Debug|Any CPU
		{88ED0249-D2BD-49D3-B1C7-6E8AEE4449EA}.Debug|Any CPU.Build.0 = Debug|Any CPU
		{88ED0249-D2BD-49D3-B1C7-6E8AEE4449EA}.Release|Any CPU.ActiveCfg = Release|Any CPU
		{88ED0249-D2BD-49D3-B1C7-6E8AEE4449EA}.Release|Any CPU.Build.0 = Release|Any CPU
	EndGlobalSection
	GlobalSection(SolutionProperties) = preSolution
		HideSolutionNode = FALSE
	EndGlobalSection
	GlobalSection(NestedProjects) = preSolution
		{C3EBC57D-C8A5-4D5A-B20D-90ABB877E3D7} = {2C08A4C9-9F3C-43F5-AC16-5160C57B08C8}
		{59BEF762-8DE8-497A-9811-E3968AA7C0B7} = {2C08A4C9-9F3C-43F5-AC16-5160C57B08C8}
		{B4DB9921-9FC3-490B-B6C3-BE07605FFD13} = {2C08A4C9-9F3C-43F5-AC16-5160C57B08C8}
		{A655E29C-8BD4-42D1-8F67-3C4042EDF3FE} = {2C08A4C9-9F3C-43F5-AC16-5160C57B08C8}
		{9CEF4FB4-1758-4B87-9DCA-622866E4AA48} = {D3364779-AB88-46DB-BF22-FF95A83A50BB}
		{CD7771AD-C81D-427C-BBB9-C1D0F8C08467} = {D3364779-AB88-46DB-BF22-FF95A83A50BB}
		{9931BFD6-CE36-4C37-B96F-37233CD3CCC5} = {D3364779-AB88-46DB-BF22-FF95A83A50BB}
		{F6C76821-93BB-4904-8F90-3AF0385D4D74} = {CD7771AD-C81D-427C-BBB9-C1D0F8C08467}
		{88ED0249-D2BD-49D3-B1C7-6E8AEE4449EA} = {9931BFD6-CE36-4C37-B96F-37233CD3CCC5}
	EndGlobalSection
	GlobalSection(ExtensibilityGlobals) = postSolution
		SolutionGuid = {0178F2B6-21D5-4621-B999-9914634413F2}
	EndGlobalSection
EndGlobal
